
Microsoft Visual Studio Solution File, Format Version 12.00
# Visual Studio Version 17
VisualStudioVersion = 17.11.35327.3
MinimumVisualStudioVersion = 10.0.40219.1
Project("{FAE04EC0-301F-11D3-BF4B-00C04F79EFBC}") = "CgLogListener", "CgLogListener\CgLogListener.csproj", "{23398F23-F4C0-4741-A11D-69F2736770EB}"
EndProject
Project("{FAE04EC0-301F-11D3-BF4B-00C04F79EFBC}") = "LineNotifier", "LineNotifier\LineNotifier.csproj", "{C92CBA62-FECA-4448-A321-186F54B39ED3}"
EndProject
Project("{FAE04EC0-301F-11D3-BF4B-00C04F79EFBC}") = "TelegramNotifier", "TelegramNotifier\TelegramNotifier.csproj", "{C4491C6F-82CE-4D33-B1CC-8C4F16984E97}"
EndProject
Global
	GlobalSection(SolutionConfigurationPlatforms) = preSolution
		Debug|Any CPU = Debug|Any CPU
		Release|Any CPU = Release|Any CPU
	EndGlobalSection
	GlobalSection(ProjectConfigurationPlatforms) = postSolution
		{23398F23-F4C0-4741-A11D-69F2736770EB}.Debug|Any CPU.ActiveCfg = Debug|Any CPU
		{23398F23-F4C0-4741-A11D-69F2736770EB}.Debug|Any CPU.Build.0 = Debug|Any CPU
		{23398F23-F4C0-4741-A11D-69F2736770EB}.Release|Any CPU.ActiveCfg = Release|Any CPU
		{23398F23-F4C0-4741-A11D-69F2736770EB}.Release|Any CPU.Build.0 = Release|Any CPU
		{C92CBA62-FECA-4448-A321-186F54B39ED3}.Debug|Any CPU.ActiveCfg = Debug|Any CPU
		{C92CBA62-FECA-4448-A321-186F54B39ED3}.Debug|Any CPU.Build.0 = Debug|Any CPU
		{C92CBA62-FECA-4448-A321-186F54B39ED3}.Release|Any CPU.ActiveCfg = Release|Any CPU
		{C92CBA62-FECA-4448-A321-186F54B39ED3}.Release|Any CPU.Build.0 = Release|Any CPU
		{C4491C6F-82CE-4D33-B1CC-8C4F16984E97}.Debug|Any CPU.ActiveCfg = Debug|Any CPU
		{C4491C6F-82CE-4D33-B1CC-8C4F16984E97}.Debug|Any CPU.Build.0 = Debug|Any CPU
		{C4491C6F-82CE-4D33-B1CC-8C4F16984E97}.Release|Any CPU.ActiveCfg = Release|Any CPU
		{C4491C6F-82CE-4D33-B1CC-8C4F16984E97}.Release|Any CPU.Build.0 = Release|Any CPU
	EndGlobalSection
	GlobalSection(SolutionProperties) = preSolution
		HideSolutionNode = FALSE
	EndGlobalSection
	GlobalSection(ExtensibilityGlobals) = postSolution
		SolutionGuid = {4BE494EE-D0BD-4436-A173-50AC60420E68}
	EndGlobalSection
EndGlobal
